
Microsoft Visual Studio Solution File, Format Version 12.00
# Visual Studio 15
VisualStudioVersion = 15.0.28307.902
MinimumVisualStudioVersion = 10.0.40219.1
Project("{FAE04EC0-301F-11D3-BF4B-00C04F79EFBC}") = "TrackDirect", "TrackDirect\TrackDirect.csproj", "{E7CAC943-4A3D-454E-B3FD-95DC36411544}"
EndProject
Project("{FAE04EC0-301F-11D3-BF4B-00C04F79EFBC}") = "TrackDB", "TrackDB\TrackDB.csproj", "{351A1702-B436-4D47-8F87-E1EFF0B8118D}"
EndProject
Project("{FAE04EC0-301F-11D3-BF4B-00C04F79EFBC}") = "TD-Core", "TD-Core\TD-Core.csproj", "{EB2B8392-1082-4CC4-96B1-1878F27951EB}"
EndProject
Global
	GlobalSection(SolutionConfigurationPlatforms) = preSolution
		Debug2018|Any CPU = Debug2018|Any CPU
		Debug2019|Any CPU = Debug2019|Any CPU
		Debug2020|Any CPU = Debug2020|Any CPU
		Release2018|Any CPU = Release2018|Any CPU
		Release2019|Any CPU = Release2019|Any CPU
		Release2020|Any CPU = Release2020|Any CPU
	EndGlobalSection
	GlobalSection(ProjectConfigurationPlatforms) = postSolution
		{E7CAC943-4A3D-454E-B3FD-95DC36411544}.Debug2018|Any CPU.ActiveCfg = Debug2018|Any CPU
		{E7CAC943-4A3D-454E-B3FD-95DC36411544}.Debug2018|Any CPU.Build.0 = Debug2018|Any CPU
		{E7CAC943-4A3D-454E-B3FD-95DC36411544}.Debug2019|Any CPU.ActiveCfg = Debug2019|Any CPU
		{E7CAC943-4A3D-454E-B3FD-95DC36411544}.Debug2019|Any CPU.Build.0 = Debug2019|Any CPU
		{E7CAC943-4A3D-454E-B3FD-95DC36411544}.Debug2020|Any CPU.ActiveCfg = Debug2020|Any CPU
		{E7CAC943-4A3D-454E-B3FD-95DC36411544}.Debug2020|Any CPU.Build.0 = Debug2020|Any CPU
		{E7CAC943-4A3D-454E-B3FD-95DC36411544}.Release2018|Any CPU.ActiveCfg = Release2018|Any CPU
		{E7CAC943-4A3D-454E-B3FD-95DC36411544}.Release2018|Any CPU.Build.0 = Release2018|Any CPU
		{E7CAC943-4A3D-454E-B3FD-95DC36411544}.Release2019|Any CPU.ActiveCfg = Release2019|Any CPU
		{E7CAC943-4A3D-454E-B3FD-95DC36411544}.Release2019|Any CPU.Build.0 = Release2019|Any CPU
		{E7CAC943-4A3D-454E-B3FD-95DC36411544}.Release2020|Any CPU.ActiveCfg = Release2020|Any CPU
		{E7CAC943-4A3D-454E-B3FD-95DC36411544}.Release2020|Any CPU.Build.0 = Release2020|Any CPU
		{351A1702-B436-4D47-8F87-E1EFF0B8118D}.Debug2018|Any CPU.ActiveCfg = Debug2018|Any CPU
		{351A1702-B436-4D47-8F87-E1EFF0B8118D}.Debug2018|Any CPU.Build.0 = Debug2018|Any CPU
		{351A1702-B436-4D47-8F87-E1EFF0B8118D}.Debug2019|Any CPU.ActiveCfg = Debug2019|Any CPU
		{351A1702-B436-4D47-8F87-E1EFF0B8118D}.Debug2019|Any CPU.Build.0 = Debug2019|Any CPU
		{351A1702-B436-4D47-8F87-E1EFF0B8118D}.Debug2020|Any CPU.ActiveCfg = Debug2020|Any CPU
		{351A1702-B436-4D47-8F87-E1EFF0B8118D}.Debug2020|Any CPU.Build.0 = Debug2020|Any CPU
		{351A1702-B436-4D47-8F87-E1EFF0B8118D}.Release2018|Any CPU.ActiveCfg = Release2018|Any CPU
		{351A1702-B436-4D47-8F87-E1EFF0B8118D}.Release2018|Any CPU.Build.0 = Release2018|Any CPU
		{351A1702-B436-4D47-8F87-E1EFF0B8118D}.Release2019|Any CPU.ActiveCfg = Release2019|Any CPU
		{351A1702-B436-4D47-8F87-E1EFF0B8118D}.Release2019|Any CPU.Build.0 = Release2019|Any CPU
		{351A1702-B436-4D47-8F87-E1EFF0B8118D}.Release2020|Any CPU.ActiveCfg = Release2020|Any CPU
		{351A1702-B436-4D47-8F87-E1EFF0B8118D}.Release2020|Any CPU.Build.0 = Release2020|Any CPU
		{EB2B8392-1082-4CC4-96B1-1878F27951EB}.Debug2018|Any CPU.ActiveCfg = Debug2018|Any CPU
		{EB2B8392-1082-4CC4-96B1-1878F27951EB}.Debug2018|Any CPU.Build.0 = Debug2018|Any CPU
		{EB2B8392-1082-4CC4-96B1-1878F27951EB}.Debug2019|Any CPU.ActiveCfg = Debug2019|Any CPU
		{EB2B8392-1082-4CC4-96B1-1878F27951EB}.Debug2019|Any CPU.Build.0 = Debug2019|Any CPU
		{EB2B8392-1082-4CC4-96B1-1878F27951EB}.Debug2020|Any CPU.ActiveCfg = Debug2020|Any CPU
		{EB2B8392-1082-4CC4-96B1-1878F27951EB}.Debug2020|Any CPU.Build.0 = Debug2020|Any CPU
		{EB2B8392-1082-4CC4-96B1-1878F27951EB}.Release2018|Any CPU.ActiveCfg = Release2018|Any CPU
		{EB2B8392-1082-4CC4-96B1-1878F27951EB}.Release2018|Any CPU.Build.0 = Release2018|Any CPU
		{EB2B8392-1082-4CC4-96B1-1878F27951EB}.Release2019|Any CPU.ActiveCfg = Release2019|Any CPU
		{EB2B8392-1082-4CC4-96B1-1878F27951EB}.Release2019|Any CPU.Build.0 = Release2019|Any CPU
		{EB2B8392-1082-4CC4-96B1-1878F27951EB}.Release2020|Any CPU.ActiveCfg = Release2020|Any CPU
		{EB2B8392-1082-4CC4-96B1-1878F27951EB}.Release2020|Any CPU.Build.0 = Release2020|Any CPU
	EndGlobalSection
	GlobalSection(SolutionProperties) = preSolution
		HideSolutionNode = FALSE
	EndGlobalSection
	GlobalSection(ExtensibilityGlobals) = postSolution
		SolutionGuid = {4BD1201B-A510-4000-86CD-EB0430C663E6}
	EndGlobalSection
EndGlobal
